
Microsoft Visual Studio Solution File, Format Version 12.00
# Visual Studio Version 16
VisualStudioVersion = 16.0.30413.136
MinimumVisualStudioVersion = 10.0.40219.1
Project("{FAE04EC0-301F-11D3-BF4B-00C04F79EFBC}") = "Calculator", "Calculator\Calculator.csproj", "{EE6AD323-B5D1-4810-A5D3-719E94ADD375}"
EndProject
Global
	GlobalSection(SolutionConfigurationPlatforms) = preSolution
		Debug|Any CPU = Debug|Any CPU
		Release|Any CPU = Release|Any CPU
	EndGlobalSection
	GlobalSection(ProjectConfigurationPlatforms) = postSolution
		{EE6AD323-B5D1-4810-A5D3-719E94ADD375}.Debug|Any CPU.ActiveCfg = Debug|Any CPU
		{EE6AD323-B5D1-4810-A5D3-719E94ADD375}.Debug|Any CPU.Build.0 = Debug|Any CPU
		{EE6AD323-B5D1-4810-A5D3-719E94ADD375}.Release|Any CPU.ActiveCfg = Release|Any CPU
		{EE6AD323-B5D1-4810-A5D3-719E94ADD375}.Release|Any CPU.Build.0 = Release|Any CPU
	EndGlobalSection
	GlobalSection(SolutionProperties) = preSolution
		HideSolutionNode = FALSE
	EndGlobalSection
	GlobalSection(ExtensibilityGlobals) = postSolution
		SolutionGuid = {0FCA7127-489E-44C7-848B-B4EC1E2746C6}
	EndGlobalSection
EndGlobal
